
Microsoft Visual Studio Solution File, Format Version 12.00
# Visual Studio Version 17
VisualStudioVersion = 17.7.34031.279
MinimumVisualStudioVersion = 10.0.40219.1
Project("{2150E333-8FDC-42A3-9474-1A3956D46DE8}") = "src", "src", "{5ECF8243-8727-4A58-9589-D71606443E49}"
EndProject
Project("{2150E333-8FDC-42A3-9474-1A3956D46DE8}") = "test", "test", "{C8466608-7835-43EB-A88C-515717C564A8}"
EndProject
Project("{9A19103F-16F7-4668-BE54-9A1E7A4F7556}") = "AccountingApplication.Application", "src\AccountingApplication.Application\AccountingApplication.Application.csproj", "{D43B7D69-4791-4BB5-9C79-33A64DCB0592}"
EndProject
Project("{9A19103F-16F7-4668-BE54-9A1E7A4F7556}") = "AccountingApplication.Domain", "src\AccountingApplication.Domain\AccountingApplication.Domain.csproj", "{04A129CF-71B6-47B0-BE72-C9812EE50390}"
EndProject
Project("{9A19103F-16F7-4668-BE54-9A1E7A4F7556}") = "AccountingApplication.Infrastructure", "src\AccountingApplication.Infrastructure\AccountingApplication.Infrastructure.csproj", "{E5E0C690-FFFE-41B6-8206-CDF9EAB4E722}"
EndProject
Project("{9A19103F-16F7-4668-BE54-9A1E7A4F7556}") = "AccountingApplication.Persistance", "src\AccountingApplication.Persistance\AccountingApplication.Persistance.csproj", "{D822FC02-F6BC-4F34-918A-F724992D637D}"
EndProject
Project("{FAE04EC0-301F-11D3-BF4B-00C04F79EFBC}") = "AccountingApplication.WebApi", "src\AccountingApplication.WebApi\AccountingApplication.WebApi.csproj", "{23FD9EC4-C211-4010-B1B0-632A5D3BAD7C}"
EndProject
Global
	GlobalSection(SolutionConfigurationPlatforms) = preSolution
		Debug|Any CPU = Debug|Any CPU
		Release|Any CPU = Release|Any CPU
	EndGlobalSection
	GlobalSection(ProjectConfigurationPlatforms) = postSolution
		{D43B7D69-4791-4BB5-9C79-33A64DCB0592}.Debug|Any CPU.ActiveCfg = Debug|Any CPU
		{D43B7D69-4791-4BB5-9C79-33A64DCB0592}.Debug|Any CPU.Build.0 = Debug|Any CPU
		{D43B7D69-4791-4BB5-9C79-33A64DCB0592}.Release|Any CPU.ActiveCfg = Release|Any CPU
		{D43B7D69-4791-4BB5-9C79-33A64DCB0592}.Release|Any CPU.Build.0 = Release|Any CPU
		{04A129CF-71B6-47B0-BE72-C9812EE50390}.Debug|Any CPU.ActiveCfg = Debug|Any CPU
		{04A129CF-71B6-47B0-BE72-C9812EE50390}.Debug|Any CPU.Build.0 = Debug|Any CPU
		{04A129CF-71B6-47B0-BE72-C9812EE50390}.Release|Any CPU.ActiveCfg = Release|Any CPU
		{04A129CF-71B6-47B0-BE72-C9812EE50390}.Release|Any CPU.Build.0 = Release|Any CPU
		{E5E0C690-FFFE-41B6-8206-CDF9EAB4E722}.Debug|Any CPU.ActiveCfg = Debug|Any CPU
		{E5E0C690-FFFE-41B6-8206-CDF9EAB4E722}.Debug|Any CPU.Build.0 = Debug|Any CPU
		{E5E0C690-FFFE-41B6-8206-CDF9EAB4E722}.Release|Any CPU.ActiveCfg = Release|Any CPU
		{E5E0C690-FFFE-41B6-8206-CDF9EAB4E722}.Release|Any CPU.Build.0 = Release|Any CPU
		{D822FC02-F6BC-4F34-918A-F724992D637D}.Debug|Any CPU.ActiveCfg = Debug|Any CPU
		{D822FC02-F6BC-4F34-918A-F724992D637D}.Debug|Any CPU.Build.0 = Debug|Any CPU
		{D822FC02-F6BC-4F34-918A-F724992D637D}.Release|Any CPU.ActiveCfg = Release|Any CPU
		{D822FC02-F6BC-4F34-918A-F724992D637D}.Release|Any CPU.Build.0 = Release|Any CPU
		{23FD9EC4-C211-4010-B1B0-632A5D3BAD7C}.Debug|Any CPU.ActiveCfg = Debug|Any CPU
		{23FD9EC4-C211-4010-B1B0-632A5D3BAD7C}.Debug|Any CPU.Build.0 = Debug|Any CPU
		{23FD9EC4-C211-4010-B1B0-632A5D3BAD7C}.Release|Any CPU.ActiveCfg = Release|Any CPU
		{23FD9EC4-C211-4010-B1B0-632A5D3BAD7C}.Release|Any CPU.Build.0 = Release|Any CPU
	EndGlobalSection
	GlobalSection(SolutionProperties) = preSolution
		HideSolutionNode = FALSE
	EndGlobalSection
	GlobalSection(NestedProjects) = preSolution
		{D43B7D69-4791-4BB5-9C79-33A64DCB0592} = {5ECF8243-8727-4A58-9589-D71606443E49}
		{04A129CF-71B6-47B0-BE72-C9812EE50390} = {5ECF8243-8727-4A58-9589-D71606443E49}
		{E5E0C690-FFFE-41B6-8206-CDF9EAB4E722} = {5ECF8243-8727-4A58-9589-D71606443E49}
		{D822FC02-F6BC-4F34-918A-F724992D637D} = {5ECF8243-8727-4A58-9589-D71606443E49}
		{23FD9EC4-C211-4010-B1B0-632A5D3BAD7C} = {5ECF8243-8727-4A58-9589-D71606443E49}
	EndGlobalSection
	GlobalSection(ExtensibilityGlobals) = postSolution
		SolutionGuid = {9367EB3C-E98C-4EAE-91DE-7A708A9BFB6A}
	EndGlobalSection
EndGlobal
